
Microsoft Visual Studio Solution File, Format Version 12.00
# Visual Studio 14
VisualStudioVersion = 14.0.25420.1
MinimumVisualStudioVersion = 10.0.40219.1
Project("{8BC9CEB8-8B4A-11D0-8D11-00A0C91BC942}") = "Routine", "Routine\Routine.vcxproj", "{5624139E-BE8B-4A7F-910E-60D0D8ABA6EC}"
EndProject
Global
	GlobalSection(SolutionConfigurationPlatforms) = preSolution
		Debug|x64 = Debug|x64
		Debug|x86 = Debug|x86
		Release|x64 = Release|x64
		Release|x86 = Release|x86
	EndGlobalSection
	GlobalSection(ProjectConfigurationPlatforms) = postSolution
		{5624139E-BE8B-4A7F-910E-60D0D8ABA6EC}.Debug|x64.ActiveCfg = Debug|x64
		{5624139E-BE8B-4A7F-910E-60D0D8ABA6EC}.Debug|x64.Build.0 = Debug|x64
		{5624139E-BE8B-4A7F-910E-60D0D8ABA6EC}.Debug|x86.ActiveCfg = Debug|Win32
		{5624139E-BE8B-4A7F-910E-60D0D8ABA6EC}.Debug|x86.Build.0 = Debug|Win32
		{5624139E-BE8B-4A7F-910E-60D0D8ABA6EC}.Release|x64.ActiveCfg = Release|x64
		{5624139E-BE8B-4A7F-910E-60D0D8ABA6EC}.Release|x64.Build.0 = Release|x64
		{5624139E-BE8B-4A7F-910E-60D0D8ABA6EC}.Release|x86.ActiveCfg = Release|Win32
		{5624139E-BE8B-4A7F-910E-60D0D8ABA6EC}.Release|x86.Build.0 = Release|Win32
	EndGlobalSection
	GlobalSection(SolutionProperties) = preSolution
		HideSolutionNode = FALSE
	EndGlobalSection
EndGlobal
